github.com/beorn7/perks v0.0.0-20180321164747-3a771d992973 h1:xJ4a3vCFaGF/jqvzLMYoU8P317H5OQ+Via4RmuPwCS0=
github.com/beorn7/perks v0.0.0-20180321164747-3a771d992973/go.mod h1:Dwedo/Wpr24TaqPxmxbtue+5NUziq4I4S80YR8gNf3Q=
github.com/fatz/ghpubkey-go v0.0.3-0.20180525103633-cf540d93feda h1:5t1srBGZOK4mQH5x44k5byptdaK6ZInBK14BO63L13s=
github.com/fatz/ghpubkey-go v0.0.3-0.20180525103633-cf540d93feda/go.mod h1:2bKgS3FTovYdsmmp9yqZyKpU/12Q6U4sSl0kyJOi7+o=
github.com/golang/protobuf v1.1.1-0.20180522224251-3a3da3a4e267 h1:Q1UqmexKs1vQx3iOjdtrwxQhX+WfTSnYktdIujPlGsU=
github.com/golang/protobuf v1.1.1-0.20180522224251-3a3da3a4e267/go.mod h1:6lQm79b+lXiMfvg/cZm0SGofjICqVBUtrP5yJMmIC1U=
github.com/gorilla/context v1.1.1 h1:AWwleXJkX/nhcU9bZSnZoi3h/qGYqQAGhq6zZe/aQW8=
github.com/gorilla/context v1.1.1/go.mod h1:kBGZzfjB9CEq2AlWe17Uuf7NDRt0dE0s8S51q0aT7Yg=
github.com/gorilla/mux v1.6.3-0.20180526221721-e0b5abaaae35 h1:qEwKGrRVtj9cANFpKn6LpYFVEd0AAzUtF1R/EXr2u4Y=
github.com/gorilla/mux v1.6.3-0.20180526221721-e0b5abaaae35/go.mod h1:1lud6UwP+6orDFRuTfBEV8e9/aOM/c4fVVCaMa2zaAs=
github.com/matttproud/golang_protobuf_extensions v1.0.1 h1:4hp9jkHxhMHkqkrB3Ix0jegS5sx/RkqARlsWZ6pIwiU=
github.com/matttproud/golang_protobuf_extensions v1.0.1/go.mod h1:D8He9yQNgCq6Z5Ld7szi9bcBfOoFv/3dc6xSMkL2PC0=
github.com/op/go-logging v0.0.0-20160315200505-970db520ece7 h1:lDH9UUVJtmYCjyT0CI4q8xvlXPxeZ0gYCVvWbmPlp88=
github.com/op/go-logging v0.0.0-20160315200505-970db520ece7/go.mod h1:HzydrMdWErDVzsI23lYNej1Htcns9BCg93Dk0bBINWk=
github.com/oswell/onelogin-go v0.0.0-20160908233709-35d2d8838f4a h1:3SHdMOxKI6ZKAlV2ycpKfL4PzjTpdWVqZRp26UgtnuE=
github.com/oswell/onelogin-go v0.0.0-20160908233709-35d2d8838f4a/go.mod h1:HflMIx7dbu70Ov3TVrsPNfvGuq1sLrHJegsoR+W7n0g=
github.com/patrickmn/go-cache v2.1.1-0.20180527043350-9f6ff22cfff8+incompatible h1:C7DZUwOyGOb2R3RMwaGotsMU+aH+EtJ9sINCeBPUD+o=
github.com/patrickmn/go-cache v2.1.1-0.20180527043350-9f6ff22cfff8+incompatible/go.mod h1:3Qf8kWWT7OJRJbdiICTKqZju1ZixQ/KpMGzzAfe6+WQ=
github.com/prometheus/client_golang v0.9.0-pre1.0.20180604130009-7540c0707421 h1:Vj4EjWS58NG9k4fhs/lNleOCWoIBR8frPzVR7WZb3kM=
github.com/prometheus/client_golang v0.9.0-pre1.0.20180604130009-7540c0707421/go.mod h1:7SWBe2y4D6OKWSNQJUaRYU/AaXPKyh/dDVn+NZz0KFw=
github.com/prometheus/client_model v0.0.0-20171117100541-99fa1f4be8e5 h1:cLL6NowurKLMfCeQy4tIeph12XNQWgANCNvdyrOYKV4=
github.com/prometheus/client_model v0.0.0-20171117100541-99fa1f4be8e5/go.mod h1:MbSGuTsp3dbXC40dX6PRTWyKYBIrTGTE9sqQNg2J8bo=
github.com/prometheus/common v0.0.0-20180518154759-7600349dcfe1 h1:osmNoEW2SCW3L7EX0km2LYM8HKpNWRiouxjE3XHkyGc=
github.com/prometheus/common v0.0.0-20180518154759-7600349dcfe1/go.mod h1:daVV7qP5qjZbuso7PdcryaAu0sAZbrN9i7WWcTMWvro=
github.com/prometheus/procfs v0.0.0-20180601124529-94663424ae5a h1:Qs9Yu4moby3L1ECWFy8vhMlj32/+/kwps8zah0+aLqg=
github.com/prometheus/procfs v0.0.0-20180601124529-94663424ae5a/go.mod h1:c3At6R/oaqEKCNdg8wHV1ftS6bRYblBhIjjI8uT2IGk=
golang.org/x/crypto v0.0.0-20180602220124-df8d4716b347 h1:+jjpoZyGXummmGKty7FoOcAE9yNHXYwr4nOv+07g6X4=
golang.org/x/crypto v0.0.0-20180602220124-df8d4716b347/go.mod h1:6SG95UA2DQfeDnfUPMdvaQW0Q7yPrPDi9nlGo2tz2b4=
